
Microsoft Visual Studio Solution File, Format Version 12.00
# Visual Studio Version 17
VisualStudioVersion = 17.6.33829.357
MinimumVisualStudioVersion = 10.0.40219.1
Project("{FAE04EC0-301F-11D3-BF4B-00C04F79EFBC}") = "blog app", "blog app.csproj", "{D94E6716-AC98-485F-9065-E7A6BA565347}"
EndProject
Global
	GlobalSection(SolutionConfigurationPlatforms) = preSolution
		Debug|Any CPU = Debug|Any CPU
		Release|Any CPU = Release|Any CPU
	EndGlobalSection
	GlobalSection(ProjectConfigurationPlatforms) = postSolution
		{D94E6716-AC98-485F-9065-E7A6BA565347}.Debug|Any CPU.ActiveCfg = Debug|Any CPU
		{D94E6716-AC98-485F-9065-E7A6BA565347}.Debug|Any CPU.Build.0 = Debug|Any CPU
		{D94E6716-AC98-485F-9065-E7A6BA565347}.Release|Any CPU.ActiveCfg = Release|Any CPU
		{D94E6716-AC98-485F-9065-E7A6BA565347}.Release|Any CPU.Build.0 = Release|Any CPU
	EndGlobalSection
	GlobalSection(SolutionProperties) = preSolution
		HideSolutionNode = FALSE
	EndGlobalSection
	GlobalSection(ExtensibilityGlobals) = postSolution
		SolutionGuid = {8719F8EC-8FAE-46F7-8FCE-716E911B40B1}
	EndGlobalSection
EndGlobal
